
Microsoft Visual Studio Solution File, Format Version 12.00
# Visual Studio Version 17
VisualStudioVersion = 17.5.33530.505
MinimumVisualStudioVersion = 10.0.40219.1
Project("{FAE04EC0-301F-11D3-BF4B-00C04F79EFBC}") = "Blackjack_opdracht_Joran", "Blackjack_opdracht_Joran\Blackjack_opdracht_Joran.csproj", "{C6E93812-FCF6-4589-8FA0-DC8523DF5C1D}"
EndProject
Global
	GlobalSection(SolutionConfigurationPlatforms) = preSolution
		Debug|Any CPU = Debug|Any CPU
		Release|Any CPU = Release|Any CPU
	EndGlobalSection
	GlobalSection(ProjectConfigurationPlatforms) = postSolution
		{C6E93812-FCF6-4589-8FA0-DC8523DF5C1D}.Debug|Any CPU.ActiveCfg = Debug|Any CPU
		{C6E93812-FCF6-4589-8FA0-DC8523DF5C1D}.Debug|Any CPU.Build.0 = Debug|Any CPU
		{C6E93812-FCF6-4589-8FA0-DC8523DF5C1D}.Release|Any CPU.ActiveCfg = Release|Any CPU
		{C6E93812-FCF6-4589-8FA0-DC8523DF5C1D}.Release|Any CPU.Build.0 = Release|Any CPU
	EndGlobalSection
	GlobalSection(SolutionProperties) = preSolution
		HideSolutionNode = FALSE
	EndGlobalSection
	GlobalSection(ExtensibilityGlobals) = postSolution
		SolutionGuid = {616DAE13-E4BC-456E-ADE0-E31CA8E4DC7A}
	EndGlobalSection
EndGlobal
